<?xml version="1.0" encoding="utf-8"?>
<Project ToolsVersion="4.0" xmlns="http://schemas.microsoft.com/developer/msbuild/2003">
  <ItemGroup>
    <Filter Include="소스 파일">
      <UniqueIdentifier>{4FC737F1-C7A5-4376-A066-2A32D752A2FF}</UniqueIdentifier>
      <Extensions>cpp;c;cc;cxx;c++;cppm;ixx;def;odl;idl;hpj;bat;asm;asmx</Extensions>
    </Filter>
    <Filter Include="헤더 파일">
      <UniqueIdentifier>{93995380-89BD-4b04-88EB-625FBE52EBFB}</UniqueIdentifier>
      <Extensions>h;hh;hpp;hxx;h++;hm;inl;inc;ipp;xsd</Extensions>
    </Filter>
    <Filter Include="리소스 파일">
      <UniqueIdentifier>{67DA6AB6-F800-4c08-8B7A-83BB121AAD01}</UniqueIdentifier>
      <Extensions>rc;ico;cur;bmp;dlg;rc2;rct;bin;rgs;gif;jpg;jpeg;jpe;resx;tiff;tif;png;wav;mfcribbon-ms</Extensions>
    </Filter>
  </ItemGroup>
  <ItemGroup>
    <ClCompile Include="BaekJoon_CPlusPlus.cpp">
      <Filter>소스 파일</Filter>
    </ClCompile>
    <ClCompile Include="2869_BOJ.cpp">
      <Filter>소스 파일</Filter>
    </ClCompile>
    <ClCompile Include="2581_BOJ.cpp">
      <Filter>소스 파일</Filter>
    </ClCompile>
    <ClCompile Include="2292_BOJ.cpp">
      <Filter>소스 파일</Filter>
    </ClCompile>
    <ClCompile Include="1712_BOJ.cpp">
      <Filter>소스 파일</Filter>
    </ClCompile>
    <ClCompile Include="1193_BOJ.cpp">
      <Filter>소스 파일</Filter>
    </ClCompile>
    <ClCompile Include="1181_BOJ.cpp">
      <Filter>소스 파일</Filter>
    </ClCompile>
    <ClCompile Include="1158_BOJ_Array.cpp">
      <Filter>소스 파일</Filter>
    </ClCompile>
    <ClCompile Include="1094_BOJ.cpp">
      <Filter>소스 파일</Filter>
    </ClCompile>
    <ClCompile Include="1072_BOJ.cpp">
      <Filter>소스 파일</Filter>
    </ClCompile>
    <ClCompile Include="1065_BOJ.cpp">
      <Filter>소스 파일</Filter>
    </ClCompile>
    <ClCompile Include="1057_BOJ.cpp">
      <Filter>소스 파일</Filter>
    </ClCompile>
    <ClCompile Include="1038_BOJ.cpp">
      <Filter>소스 파일</Filter>
    </ClCompile>
    <ClCompile Include="1024_BOJ.cpp">
      <Filter>소스 파일</Filter>
    </ClCompile>
    <ClCompile Include="1021_BOJ.cpp">
      <Filter>소스 파일</Filter>
    </ClCompile>
    <ClCompile Include="1019_BOJ.cpp">
      <Filter>소스 파일</Filter>
    </ClCompile>
    <ClCompile Include="1002_BOJ.cpp">
      <Filter>소스 파일</Filter>
    </ClCompile>
    <ClCompile Include="1003_BOJ.cpp">
      <Filter>소스 파일</Filter>
    </ClCompile>
    <ClCompile Include="1004_BOJ.cpp">
      <Filter>소스 파일</Filter>
    </ClCompile>
    <ClCompile Include="1010_BOJ.cpp">
      <Filter>소스 파일</Filter>
    </ClCompile>
    <ClCompile Include="1012_BOJ.cpp">
      <Filter>소스 파일</Filter>
    </ClCompile>
    <ClCompile Include="4673_BOJ.cpp">
      <Filter>소스 파일</Filter>
    </ClCompile>
    <ClCompile Include="15596_BOJ.cpp">
      <Filter>소스 파일</Filter>
    </ClCompile>
    <ClCompile Include="10250_BOJ.cpp">
      <Filter>소스 파일</Filter>
    </ClCompile>
    <ClCompile Include="2775_BOJ.cpp">
      <Filter>소스 파일</Filter>
    </ClCompile>
    <ClCompile Include="2839_BOJ.cpp">
      <Filter>소스 파일</Filter>
    </ClCompile>
    <ClCompile Include="10757_BOJ.cpp">
      <Filter>소스 파일</Filter>
    </ClCompile>
    <ClCompile Include="1011_BOJ.cpp">
      <Filter>소스 파일</Filter>
    </ClCompile>
    <ClCompile Include="1978_BOJ.cpp">
      <Filter>소스 파일</Filter>
    </ClCompile>
    <ClCompile Include="11653_BOJ.cpp">
      <Filter>소스 파일</Filter>
    </ClCompile>
    <ClCompile Include="1929_BOJ.cpp">
      <Filter>소스 파일</Filter>
    </ClCompile>
    <ClCompile Include="4948_BOJ.cpp">
      <Filter>소스 파일</Filter>
    </ClCompile>
    <ClCompile Include="9020_BOJ.cpp">
      <Filter>소스 파일</Filter>
    </ClCompile>
    <ClCompile Include="1085_BOJ.cpp">
      <Filter>소스 파일</Filter>
    </ClCompile>
    <ClCompile Include="3009_BOJ.cpp">
      <Filter>소스 파일</Filter>
    </ClCompile>
    <ClCompile Include="4153_BOJ.cpp">
      <Filter>소스 파일</Filter>
    </ClCompile>
    <ClCompile Include="3053_BOJ.cpp">
      <Filter>소스 파일</Filter>
    </ClCompile>
    <ClCompile Include="10872_BOJ.cpp">
      <Filter>소스 파일</Filter>
    </ClCompile>
    <ClCompile Include="10870_BOJ.cpp">
      <Filter>소스 파일</Filter>
    </ClCompile>
    <ClCompile Include="2447_BOJ.cpp">
      <Filter>소스 파일</Filter>
    </ClCompile>
    <ClCompile Include="11729_BOJ.cpp">
      <Filter>소스 파일</Filter>
    </ClCompile>
    <ClCompile Include="2798_BOJ.cpp">
      <Filter>소스 파일</Filter>
    </ClCompile>
    <ClCompile Include="2231_BOJ.cpp">
      <Filter>소스 파일</Filter>
    </ClCompile>
    <ClCompile Include="7568_BOJ.cpp">
      <Filter>소스 파일</Filter>
    </ClCompile>
    <ClCompile Include="1018_BOJ.cpp">
      <Filter>소스 파일</Filter>
    </ClCompile>
    <ClCompile Include="1436_BOJ.cpp">
      <Filter>소스 파일</Filter>
    </ClCompile>
    <ClCompile Include="2750_BOJ.cpp">
      <Filter>소스 파일</Filter>
    </ClCompile>
    <ClCompile Include="2751_BOJ.cpp">
      <Filter>소스 파일</Filter>
    </ClCompile>
    <ClCompile Include="10989_BOJ.cpp">
      <Filter>소스 파일</Filter>
    </ClCompile>
    <ClCompile Include="2108_BOJ.cpp">
      <Filter>소스 파일</Filter>
    </ClCompile>
    <ClCompile Include="1427_BOJ.cpp">
      <Filter>소스 파일</Filter>
    </ClCompile>
    <ClCompile Include="11650_BOJ.cpp">
      <Filter>소스 파일</Filter>
    </ClCompile>
    <ClCompile Include="11651_BOJ.cpp">
      <Filter>소스 파일</Filter>
    </ClCompile>
    <ClCompile Include="10814_BOJ.cpp">
      <Filter>소스 파일</Filter>
    </ClCompile>
    <ClCompile Include="18870_BOJ.cpp">
      <Filter>소스 파일</Filter>
    </ClCompile>
    <ClCompile Include="2630_BOJ.cpp">
      <Filter>소스 파일</Filter>
    </ClCompile>
    <ClCompile Include="1992_BOJ.cpp">
      <Filter>소스 파일</Filter>
    </ClCompile>
    <ClCompile Include="1780_BOJ.cpp">
      <Filter>소스 파일</Filter>
    </ClCompile>
    <ClCompile Include="1629_BOJ.cpp">
      <Filter>소스 파일</Filter>
    </ClCompile>
    <ClCompile Include="11401_BOJ.cpp">
      <Filter>소스 파일</Filter>
    </ClCompile>
    <ClCompile Include="2740_BOJ.cpp">
      <Filter>소스 파일</Filter>
    </ClCompile>
    <ClCompile Include="9184_BOJ.cpp">
      <Filter>소스 파일</Filter>
    </ClCompile>
    <ClCompile Include="1904_BOJ.cpp">
      <Filter>소스 파일</Filter>
    </ClCompile>
    <ClCompile Include="9461_BOJ.cpp">
      <Filter>소스 파일</Filter>
    </ClCompile>
    <ClCompile Include="1149_BOJ.cpp">
      <Filter>소스 파일</Filter>
    </ClCompile>
    <ClCompile Include="1932_BOJ.cpp">
      <Filter>소스 파일</Filter>
    </ClCompile>
    <ClCompile Include="2579_BOJ.cpp">
      <Filter>소스 파일</Filter>
    </ClCompile>
    <ClCompile Include="1463_BOJ.cpp">
      <Filter>소스 파일</Filter>
    </ClCompile>
    <ClCompile Include="10844_BOJ.cpp">
      <Filter>소스 파일</Filter>
    </ClCompile>
    <ClCompile Include="2156_BOJ.cpp">
      <Filter>소스 파일</Filter>
    </ClCompile>
    <ClCompile Include="11053_BOJ.cpp">
      <Filter>소스 파일</Filter>
    </ClCompile>
    <ClCompile Include="11054_BOJ.cpp">
      <Filter>소스 파일</Filter>
    </ClCompile>
    <ClCompile Include="2565_BOJ.cpp">
      <Filter>소스 파일</Filter>
    </ClCompile>
    <ClCompile Include="9251_BOJ.cpp">
      <Filter>소스 파일</Filter>
    </ClCompile>
    <ClCompile Include="1912_BOJ.cpp">
      <Filter>소스 파일</Filter>
    </ClCompile>
    <ClCompile Include="12865_BOJ.cpp">
      <Filter>소스 파일</Filter>
    </ClCompile>
    <ClCompile Include="1927_BOJ.cpp">
      <Filter>소스 파일</Filter>
    </ClCompile>
    <ClCompile Include="11047_BOJ.cpp">
      <Filter>소스 파일</Filter>
    </ClCompile>
    <ClCompile Include="1931_BOJ.cpp">
      <Filter>소스 파일</Filter>
    </ClCompile>
    <ClCompile Include="11399_BOJ.cpp">
      <Filter>소스 파일</Filter>
    </ClCompile>
    <ClCompile Include="1541_BOJ.cpp">
      <Filter>소스 파일</Filter>
    </ClCompile>
    <ClCompile Include="13305_BOJ.cpp">
      <Filter>소스 파일</Filter>
    </ClCompile>
    <ClCompile Include="1260_BOJ.cpp">
      <Filter>소스 파일</Filter>
    </ClCompile>
    <ClCompile Include="2606_BOJ.cpp">
      <Filter>소스 파일</Filter>
    </ClCompile>
    <ClCompile Include="2667_BOJ.cpp">
      <Filter>소스 파일</Filter>
    </ClCompile>
    <ClCompile Include="2178_BOJ.cpp">
      <Filter>소스 파일</Filter>
    </ClCompile>
    <ClCompile Include="7576_BOJ.cpp">
      <Filter>소스 파일</Filter>
    </ClCompile>
    <ClCompile Include="7569_BOJ.cpp">
      <Filter>소스 파일</Filter>
    </ClCompile>
    <ClCompile Include="1697_BOJ.cpp">
      <Filter>소스 파일</Filter>
    </ClCompile>
    <ClCompile Include="2206_BOJ.cpp">
      <Filter>소스 파일</Filter>
    </ClCompile>
    <ClCompile Include="7562_BOJ.cpp">
      <Filter>소스 파일</Filter>
    </ClCompile>
    <ClCompile Include="11725_BOJ.cpp">
      <Filter>소스 파일</Filter>
    </ClCompile>
    <ClCompile Include="13398_BOJ.cpp">
      <Filter>소스 파일</Filter>
    </ClCompile>
    <ClCompile Include="1158_Singly_Linked-List.cpp">
      <Filter>소스 파일</Filter>
    </ClCompile>
    <ClCompile Include="2346_BOJ_Doubly_Linked_List.cpp">
      <Filter>소스 파일</Filter>
    </ClCompile>
    <ClCompile Include="1026_BOJ.cpp">
      <Filter>소스 파일</Filter>
    </ClCompile>
    <ClCompile Include="1080_BOJ.cpp">
      <Filter>소스 파일</Filter>
    </ClCompile>
    <ClCompile Include="CLRS_Matrix-Chain_Multiplication.cpp">
      <Filter>소스 파일</Filter>
    </ClCompile>
    <ClCompile Include="10828_BOJ.cpp">
      <Filter>소스 파일</Filter>
    </ClCompile>
    <ClCompile Include="1935_BOJ.cpp">
      <Filter>소스 파일</Filter>
    </ClCompile>
    <ClCompile Include="2138_BO.cpp">
      <Filter>소스 파일</Filter>
    </ClCompile>
    <ClCompile Include="1285_BOJ.cpp">
      <Filter>소스 파일</Filter>
    </ClCompile>
    <ClCompile Include="1202_BOJ.cpp">
      <Filter>소스 파일</Filter>
    </ClCompile>
    <ClCompile Include="18258_BOJ.cpp">
      <Filter>소스 파일</Filter>
    </ClCompile>
    <ClCompile Include="11726_BOJ.cpp">
      <Filter>소스 파일</Filter>
    </ClCompile>
    <ClCompile Include="14002_BOJ.cpp">
      <Filter>소스 파일</Filter>
    </ClCompile>
    <ClCompile Include="11203_BOJ.cpp">
      <Filter>소스 파일</Filter>
    </ClCompile>
    <ClCompile Include="13116_BOJ.cpp">
      <Filter>소스 파일</Filter>
    </ClCompile>
    <ClCompile Include="1991_BOJ.cpp">
      <Filter>소스 파일</Filter>
    </ClCompile>
    <ClCompile Include="5639_BOJ.cpp">
      <Filter>소스 파일</Filter>
    </ClCompile>
    <ClCompile Include="18240_BOJ.cpp">
      <Filter>소스 파일</Filter>
    </ClCompile>
    <ClCompile Include="15829_BOJ.cpp">
      <Filter>소스 파일</Filter>
    </ClCompile>
    <ClCompile Include="5525_BOJ.cpp">
      <Filter>소스 파일</Filter>
    </ClCompile>
    <ClCompile Include="9372_BOJ.cpp">
      <Filter>소스 파일</Filter>
    </ClCompile>
    <ClCompile Include="2346_BOJ.cpp">
      <Filter>소스 파일</Filter>
    </ClCompile>
    <ClCompile Include="1918_BOJ.cpp">
      <Filter>소스 파일</Filter>
    </ClCompile>
    <ClCompile Include="25205_BOJ_IUPC2022.cpp">
      <Filter>소스 파일</Filter>
    </ClCompile>
    <ClCompile Include="25206_BOJ_IUPC2022.cpp">
      <Filter>소스 파일</Filter>
    </ClCompile>
    <ClCompile Include="12851_BOJ.cpp">
      <Filter>소스 파일</Filter>
    </ClCompile>
    <ClCompile Include="25207_BOJ_IUPC2022.cpp">
      <Filter>소스 파일</Filter>
    </ClCompile>
  </ItemGroup>
</Project>